{
  "requires": true,
  "lockfileVersion": 1,
  "dependencies": {
    "react-country-region-selector": {
      "version": "3.0.2",
      "resolved": "https://registry.npmjs.org/react-country-region-selector/-/react-country-region-selector-3.0.2.tgz",
      "integrity": "sha512-0U36SdE4F01Q3/uGDOHVFqhIrNR34v2cKnptUOflV5H51cwNxDLLASkB+PNDPd8emBP2i83e7HZdocWdjvIC/g=="
    }
  }
}
